
Microsoft Visual Studio Solution File, Format Version 12.00
# Visual Studio Version 17
VisualStudioVersion = 17.0.31903.59
MinimumVisualStudioVersion = 10.0.40219.1
Project("{FAE04EC0-301F-11D3-BF4B-00C04F79EFBC}") = "RotateArrayNxN90DegreesLeft", "RotateArrayNxN90DegreesLeft\RotateArrayNxN90DegreesLeft.csproj", "{CDA5183C-4B72-48FF-8C02-2FACE6C27279}"
EndProject
Project("{FAE04EC0-301F-11D3-BF4B-00C04F79EFBC}") = "RotateArrayNxN90DegreesLeft.test", "RotateArrayNxN90DegreesLeft.test\RotateArrayNxN90DegreesLeft.test.csproj", "{37B6E248-64FD-437C-9104-4B767112AE71}"
EndProject
Global
	GlobalSection(SolutionConfigurationPlatforms) = preSolution
		Debug|Any CPU = Debug|Any CPU
		Release|Any CPU = Release|Any CPU
	EndGlobalSection
	GlobalSection(SolutionProperties) = preSolution
		HideSolutionNode = FALSE
	EndGlobalSection
	GlobalSection(ProjectConfigurationPlatforms) = postSolution
		{CDA5183C-4B72-48FF-8C02-2FACE6C27279}.Debug|Any CPU.ActiveCfg = Debug|Any CPU
		{CDA5183C-4B72-48FF-8C02-2FACE6C27279}.Debug|Any CPU.Build.0 = Debug|Any CPU
		{CDA5183C-4B72-48FF-8C02-2FACE6C27279}.Release|Any CPU.ActiveCfg = Release|Any CPU
		{CDA5183C-4B72-48FF-8C02-2FACE6C27279}.Release|Any CPU.Build.0 = Release|Any CPU
		{37B6E248-64FD-437C-9104-4B767112AE71}.Debug|Any CPU.ActiveCfg = Debug|Any CPU
		{37B6E248-64FD-437C-9104-4B767112AE71}.Debug|Any CPU.Build.0 = Debug|Any CPU
		{37B6E248-64FD-437C-9104-4B767112AE71}.Release|Any CPU.ActiveCfg = Release|Any CPU
		{37B6E248-64FD-437C-9104-4B767112AE71}.Release|Any CPU.Build.0 = Release|Any CPU
	EndGlobalSection
EndGlobal
