
Microsoft Visual Studio Solution File, Format Version 12.00
# Visual Studio Version 16
VisualStudioVersion = 16.0.31613.86
MinimumVisualStudioVersion = 10.0.40219.1
Project("{9A19103F-16F7-4668-BE54-9A1E7A4F7556}") = "FindMedianValueOfTwoSortedLists", "FindMedianValueOfTwoSortedLists.csproj", "{0853E7AC-3E5A-4DF1-AEFC-672576AC2416}"
EndProject
Project("{FAE04EC0-301F-11D3-BF4B-00C04F79EFBC}") = "UnitTests", "..\UnitTests\UnitTests.csproj", "{FD1F4C03-A4AD-4CE7-8013-F35548926DA7}"
EndProject
Global
	GlobalSection(SolutionConfigurationPlatforms) = preSolution
		Debug|Any CPU = Debug|Any CPU
		Release|Any CPU = Release|Any CPU
	EndGlobalSection
	GlobalSection(ProjectConfigurationPlatforms) = postSolution
		{0853E7AC-3E5A-4DF1-AEFC-672576AC2416}.Debug|Any CPU.ActiveCfg = Debug|Any CPU
		{0853E7AC-3E5A-4DF1-AEFC-672576AC2416}.Debug|Any CPU.Build.0 = Debug|Any CPU
		{0853E7AC-3E5A-4DF1-AEFC-672576AC2416}.Release|Any CPU.ActiveCfg = Release|Any CPU
		{0853E7AC-3E5A-4DF1-AEFC-672576AC2416}.Release|Any CPU.Build.0 = Release|Any CPU
		{FD1F4C03-A4AD-4CE7-8013-F35548926DA7}.Debug|Any CPU.ActiveCfg = Debug|Any CPU
		{FD1F4C03-A4AD-4CE7-8013-F35548926DA7}.Debug|Any CPU.Build.0 = Debug|Any CPU
		{FD1F4C03-A4AD-4CE7-8013-F35548926DA7}.Release|Any CPU.ActiveCfg = Release|Any CPU
		{FD1F4C03-A4AD-4CE7-8013-F35548926DA7}.Release|Any CPU.Build.0 = Release|Any CPU
	EndGlobalSection
	GlobalSection(SolutionProperties) = preSolution
		HideSolutionNode = FALSE
	EndGlobalSection
	GlobalSection(ExtensibilityGlobals) = postSolution
		SolutionGuid = {5B36F881-9D45-4E09-8164-3750B0AC18D2}
	EndGlobalSection
EndGlobal
